uuid: c2b54426-f67f-40a9-b206-9699feefe9af
langcode: en
status: true
dependencies:
  module:
    - loremipsum
  theme:
    - bartik
id: loremipsumblock
theme: bartik
region: sidebar_first
weight: 0
provider: null
plugin: loremipsum_block
settings:
  id: loremipsum_block
  label: 'Lorem ipsum block'
  provider: loremipsum
  label_display: visible
  loremipsum_block_settings: null
visibility: {  }
